lockfileVersion: '9.0'

settings:
  autoInstallPeers: true
  excludeLinksFromLockfile: false

importers:

  .:
    dependencies:
      '@radix-ui/react-slot':
        specifier: ^1.2.2
        version: 1.2.2(@types/react@19.1.4)(react@19.1.0)
      class-variance-authority:
        specifier: ^0.7.1
        version: 0.7.1
      clsx:
        specifier: ^2.1.1
        version: 2.1.1
      lucide-react:
        specifier: ^0.511.0
        version: 0.511.0(react@19.1.0)
      postcss:
        specifier: ^8.5.3
        version: 8.5.3
      postcss-loader:
        specifier: ^8.1.1
        version: 8.1.1(@rspack/core@1.3.10(@swc/helpers@0.5.17))(postcss@8.5.3)(typescript@5.8.3)
      react:
        specifier: ^19.1.0
        version: 19.1.0
      react-dom:
        specifier: ^19.1.0
        version: 19.1.0(react@19.1.0)
      tailwind-merge:
        specifier: ^3.3.0
        version: 3.3.0
      tw-animate-css:
        specifier: ^1.3.0
        version: 1.3.0
    devDependencies:
      '@rsbuild/core':
        specifier: ^1.3.15
        version: 1.3.20
      '@rsbuild/plugin-react':
        specifier: ^1.3.0
        version: 1.3.1(@rsbuild/core@1.3.20)
      '@tailwindcss/postcss':
        specifier: ^4.1.7
        version: 4.1.7
      '@types/react':
        specifier: ^19.1.2
        version: 19.1.4
      '@types/react-dom':
        specifier: ^19.1.3
        version: 19.1.5(@types/react@19.1.4)
      tailwindcss:
        specifier: ^4.1.7
        version: 4.1.7
      typescript:
        specifier: ^5.8.3
        version: 5.8.3

packages:

  '@alloc/quick-lru@5.2.0':
    resolution: {integrity: sha512-UrcABB+4bUrFABwbluTIBErXwvbsU/V7TZWfmbgJfbkwiBuziS9gxdODUyuiecfdGQ85jglMW6juS3+z5TsKLw==}
    engines: {node: '>=10'}

  '@ampproject/remapping@2.3.0':
    resolution: {integrity: sha512-30iZtAPgz+LTIYoeivqYo853f02jBYSd5uGnGpkFV0M3xOt9aN73erkgYAmZU43x4VfqcnLxW9Kpg3R5LC4YYw==}
    engines: {node: '>=6.0.0'}

  '@babel/code-frame@7.27.1':
    resolution: {integrity: sha512-cjQ7ZlQ0Mv3b47hABuTevyTuYN4i+loJKGeV9flcCgIK37cCXRh+L1bd3iBHlynerhQ7BhCkn2BPbQUL+rGqFg==}
    engines: {node: '>=6.9.0'}

  '@babel/helper-validator-identifier@7.27.1':
    resolution: {integrity: sha512-D2hP9eA+Sqx1kBZgzxZh0y1trbuU+JoDkiEwqhQ36nodYqJwyEIhPSdMNd7lOm/4io72luTPWH20Yda0xOuUow==}
    engines: {node: '>=6.9.0'}

  '@isaacs/fs-minipass@4.0.1':
    resolution: {integrity: sha512-wgm9Ehl2jpeqP3zw/7mo3kRHFp5MEDhqAdwy1fTGkHAwnkGOVsgpvQhL8B5n1qlb01jV3n/bI0ZfZp5lWA1k4w==}
    engines: {node: '>=18.0.0'}

  '@jridgewell/gen-mapping@0.3.8':
    resolution: {integrity: sha512-imAbBGkb+ebQyxKgzv5Hu2nmROxoDOXHh80evxdoXNOrvAnVx7zimzc1Oo5h9RlfV4vPXaE2iM5pOFbvOCClWA==}
    engines: {node: '>=6.0.0'}

  '@jridgewell/resolve-uri@3.1.2':
    resolution: {integrity: sha512-bRISgCIjP20/tbWSPWMEi54QVPRZExkuD9lJL+UIxUKtwVJA8wW1Trb1jMs1RFXo1CBTNZ/5hpC9QvmKWdopKw==}
    engines: {node: '>=6.0.0'}

  '@jridgewell/set-array@1.2.1':
    resolution: {integrity: sha512-R8gLRTZeyp03ymzP/6Lil/28tGeGEzhx1q2k703KGWRAI1VdvPIXdG70VJc2pAMw3NA6JKL5hhFu1sJX0Mnn/A==}
    engines: {node: '>=6.0.0'}

  '@jridgewell/sourcemap-codec@1.5.0':
    resolution: {integrity: sha512-gv3ZRaISU3fjPAgNsriBRqGWQL6quFx04YMPW/zD8XMLsU32mhCCbfbO6KZFLjvYpCZ8zyDEgqsgf+PwPaM7GQ==}

  '@jridgewell/trace-mapping@0.3.25':
    resolution: {integrity: sha512-vNk6aEwybGtawWmy/PzwnGDOjCkLWSD2wqvjGGAgOAwCGWySYXfYoxt00IJkTF+8Lb57DwOb3Aa0o9CApepiYQ==}

  '@module-federation/error-codes@0.13.1':
    resolution: {integrity: sha512-azgGDBnFRfqlivHOl96ZjlFUFlukESz2Rnnz/pINiSqoBBNjUE0fcAZP4X6jgrVITuEg90YkruZa7pW9I3m7Uw==}

  '@module-federation/runtime-core@0.13.1':
    resolution: {integrity: sha512-TfyKfkSAentKeuvSsAItk8s5tqQSMfIRTPN2e1aoaq/kFhE+7blps719csyWSX5Lg5Es7WXKMsXHy40UgtBtuw==}

  '@module-federation/runtime-tools@0.13.1':
    resolution: {integrity: sha512-GEF1pxqLc80osIMZmE8j9UKZSaTm2hX2lql8tgIH/O9yK4wnF06k6LL5Ah+wJt+oJv6Dj55ri/MoxMP4SXoPNA==}

  '@module-federation/runtime@0.13.1':
    resolution: {integrity: sha512-ZHnYvBquDm49LiHfv6fgagMo/cVJneijNJzfPh6S0CJrPS2Tay1bnTXzy8VA5sdIrESagYPaskKMGIj7YfnPug==}

  '@module-federation/sdk@0.13.1':
    resolution: {integrity: sha512-bmf2FGQ0ymZuxYnw9bIUfhV3y6zDhaqgydEjbl4msObKMLGXZqhse2pTIIxBFpIxR1oONKX/y2FAolDCTlWKiw==}

  '@module-federation/webpack-bundler-runtime@0.13.1':
    resolution: {integrity: sha512-QSuSIGa09S8mthbB1L6xERqrz+AzPlHR6D7RwAzssAc+IHf40U6NiTLPzUqp9mmKDhC5Tm0EISU0ZHNeJpnpBQ==}

  '@radix-ui/react-compose-refs@1.1.2':
    resolution: {integrity: sha512-z4eqJvfiNnFMHIIvXP3CY57y2WJs5g2v3X0zm9mEJkrkNv4rDxu+sg9Jh8EkXyeqBkB7SOcboo9dMVqhyrACIg==}
    peerDependencies:
      '@types/react': '*'
      react: ^16.8 || ^17.0 || ^18.0 || ^19.0 || ^19.0.0-rc
    peerDependenciesMeta:
      '@types/react':
        optional: true

  '@radix-ui/react-slot@1.2.2':
    resolution: {integrity: sha512-y7TBO4xN4Y94FvcWIOIh18fM4R1A8S4q1jhoz4PNzOoHsFcN8pogcFmZrTYAm4F9VRUrWP/Mw7xSKybIeRI+CQ==}
    peerDependencies:
      '@types/react': '*'
      react: ^16.8 || ^17.0 || ^18.0 || ^19.0 || ^19.0.0-rc
    peerDependenciesMeta:
      '@types/react':
        optional: true

  '@rsbuild/core@1.3.20':
    resolution: {integrity: sha512-5VxOddgGHaq5x4ONdKOZvLYLj8dhVfCAz+cERNLXrKLzBISouY1A9TJcbZBK4xoH/0DJrDtDzapNA+dI9Jr07Q==}
    engines: {node: '>=16.10.0'}
    hasBin: true

  '@rsbuild/plugin-react@1.3.1':
    resolution: {integrity: sha512-1PfE0CZDwiSIUFaMFOEprwsHK6oo29zU6DdtFH2D49uLcpUdOUvU1u2p00RCVO1CIgnAjRajLS7dnPdQUwFOuQ==}
    peerDependencies:
      '@rsbuild/core': 1.x

  '@rspack/binding-darwin-arm64@1.3.10':
    resolution: {integrity: sha512-0k/j8OeMSVm5u5Nzckp9Ie7S7hprnvNegebnGr+L6VCyD7sMqm4m+4rLHs99ZklYdH0dZtY2+LrzrtjUZCqfew==}
    cpu: [arm64]
    os: [darwin]

  '@rspack/binding-darwin-x64@1.3.10':
    resolution: {integrity: sha512-jOyqYW/18cgxw60wK5oqJvM194pbD4H99xaif89McNtLkH3npFvBkXBHVWWuOHGoXNX0LhRpHcI89p9b9THQZQ==}
    cpu: [x64]
    os: [darwin]

  '@rspack/binding-linux-arm64-gnu@1.3.10':
    resolution: {integrity: sha512-zhF5ZNaT/7pxrm8xD3dWG1b4x+FO3LbVeZZG448CjpSo5T57kPD+SaGUU1GcPpn6mexf795x0SVS49aH7/e3Dg==}
    cpu: [arm64]
    os: [linux]

  '@rspack/binding-linux-arm64-musl@1.3.10':
    resolution: {integrity: sha512-o3x7IrOSCHK6lcRvdZgsSuOG1CHRQR00xiyLW7kkWmNm7t417LC9xdFWKIK62C5fKXGC5YcTbUkDMnQujespkg==}
    cpu: [arm64]
    os: [linux]

  '@rspack/binding-linux-x64-gnu@1.3.10':
    resolution: {integrity: sha512-FMSi28VZhXMr15picOHFynULhqZ/FODPxRIS6uNrvPRYcbNuiO1v+VHV6X88mhOMmJ/aVF6OwjUO/o2l1FVa9Q==}
    cpu: [x64]
    os: [linux]

  '@rspack/binding-linux-x64-musl@1.3.10':
    resolution: {integrity: sha512-e0xbY9SlbRGIFz41v1yc0HfREvmgMnLV1bLmTSPK8wI2suIEJ7iYYqsocHOAOk86qLZcxVrTnL6EjUcNaRTWlg==}
    cpu: [x64]
    os: [linux]

  '@rspack/binding-win32-arm64-msvc@1.3.10':
    resolution: {integrity: sha512-YHJPvEujWeWjU6EUF6sDpaec9rsOtKVvy16YCtGaxRpDQXqfuxibnp6Ge0ZTTrY+joRiWehRA9OUI+3McqI+QA==}
    cpu: [arm64]
    os: [win32]

  '@rspack/binding-win32-ia32-msvc@1.3.10':
    resolution: {integrity: sha512-2iwSBzVBC89ZSk56MYwgirh3bda2WKmL9I3qPajiTEivChXpX7jp83jAtGE6CPqPYcccYz6nrURTHNUZhqXxVw==}
    cpu: [ia32]
    os: [win32]

  '@rspack/binding-win32-x64-msvc@1.3.10':
    resolution: {integrity: sha512-ehWJ9Y5Zezj/+uJpiWbt29RZaRIM00f91PWuabM6/sKmHJhdCEE21u5iI3B8DeW/EjJsH8zkI69YYAxJWwGn9A==}
    cpu: [x64]
    os: [win32]

  '@rspack/binding@1.3.10':
    resolution: {integrity: sha512-9TjO+Ig5U4VqdYWpBsv01n4d2KsgFfdXGIE7zdHXDDbry0avL0J4109ESqSeP9uC+Bi7ZCF53iaxJRvZDflNVQ==}

  '@rspack/core@1.3.10':
    resolution: {integrity: sha512-YomvSRGuMUQgCE2rNMdff2q1Z0YpZw/z6m5+PVTMSs9l/q69YKUzpbpSD8YyB5i1DddrRxC2RE34DkrBuwlREQ==}
    engines: {node: '>=16.0.0'}
    peerDependencies:
      '@swc/helpers': '>=0.5.1'
    peerDependenciesMeta:
      '@swc/helpers':
        optional: true

  '@rspack/lite-tapable@1.0.1':
    resolution: {integrity: sha512-VynGOEsVw2s8TAlLf/uESfrgfrq2+rcXB1muPJYBWbsm1Oa6r5qVQhjA5ggM6z/coYPrsVMgovl3Ff7Q7OCp1w==}
    engines: {node: '>=16.0.0'}

  '@rspack/plugin-react-refresh@1.4.3':
    resolution: {integrity: sha512-wZx4vWgy5oMEvgyNGd/oUKcdnKaccYWHCRkOqTdAPJC3WcytxhTX+Kady8ERurSBiLyQpoMiU3Iyd+F1Y2Arbw==}
    peerDependencies:
      react-refresh: '>=0.10.0 <1.0.0'
      webpack-hot-middleware: 2.x
    peerDependenciesMeta:
      webpack-hot-middleware:
        optional: true

  '@swc/helpers@0.5.17':
    resolution: {integrity: sha512-5IKx/Y13RsYd+sauPb2x+U/xZikHjolzfuDgTAl/Tdf3Q8rslRvC19NKDLgAJQ6wsqADk10ntlv08nPFw/gO/A==}

  '@tailwindcss/node@4.1.7':
    resolution: {integrity: sha512-9rsOpdY9idRI2NH6CL4wORFY0+Q6fnx9XP9Ju+iq/0wJwGD5IByIgFmwVbyy4ymuyprj8Qh4ErxMKTUL4uNh3g==}

  '@tailwindcss/oxide-android-arm64@4.1.7':
    resolution: {integrity: sha512-IWA410JZ8fF7kACus6BrUwY2Z1t1hm0+ZWNEzykKmMNM09wQooOcN/VXr0p/WJdtHZ90PvJf2AIBS/Ceqx1emg==}
    engines: {node: '>= 10'}
    cpu: [arm64]
    os: [android]

  '@tailwindcss/oxide-darwin-arm64@4.1.7':
    resolution: {integrity: sha512-81jUw9To7fimGGkuJ2W5h3/oGonTOZKZ8C2ghm/TTxbwvfSiFSDPd6/A/KE2N7Jp4mv3Ps9OFqg2fEKgZFfsvg==}
    engines: {node: '>= 10'}
    cpu: [arm64]
    os: [darwin]

  '@tailwindcss/oxide-darwin-x64@4.1.7':
    resolution: {integrity: sha512-q77rWjEyGHV4PdDBtrzO0tgBBPlQWKY7wZK0cUok/HaGgbNKecegNxCGikuPJn5wFAlIywC3v+WMBt0PEBtwGw==}
    engines: {node: '>= 10'}
    cpu: [x64]
    os: [darwin]

  '@tailwindcss/oxide-freebsd-x64@4.1.7':
    resolution: {integrity: sha512-RfmdbbK6G6ptgF4qqbzoxmH+PKfP4KSVs7SRlTwcbRgBwezJkAO3Qta/7gDy10Q2DcUVkKxFLXUQO6J3CRvBGw==}
    engines: {node: '>= 10'}
    cpu: [x64]
    os: [freebsd]

  '@tailwindcss/oxide-linux-arm-gnueabihf@4.1.7':
    resolution: {integrity: sha512-OZqsGvpwOa13lVd1z6JVwQXadEobmesxQ4AxhrwRiPuE04quvZHWn/LnihMg7/XkN+dTioXp/VMu/p6A5eZP3g==}
    engines: {node: '>= 10'}
    cpu: [arm]
    os: [linux]

  '@tailwindcss/oxide-linux-arm64-gnu@4.1.7':
    resolution: {integrity: sha512-voMvBTnJSfKecJxGkoeAyW/2XRToLZ227LxswLAwKY7YslG/Xkw9/tJNH+3IVh5bdYzYE7DfiaPbRkSHFxY1xA==}
    engines: {node: '>= 10'}
    cpu: [arm64]
    os: [linux]

  '@tailwindcss/oxide-linux-arm64-musl@4.1.7':
    resolution: {integrity: sha512-PjGuNNmJeKHnP58M7XyjJyla8LPo+RmwHQpBI+W/OxqrwojyuCQ+GUtygu7jUqTEexejZHr/z3nBc/gTiXBj4A==}
    engines: {node: '>= 10'}
    cpu: [arm64]
    os: [linux]

  '@tailwindcss/oxide-linux-x64-gnu@4.1.7':
    resolution: {integrity: sha512-HMs+Va+ZR3gC3mLZE00gXxtBo3JoSQxtu9lobbZd+DmfkIxR54NO7Z+UQNPsa0P/ITn1TevtFxXTpsRU7qEvWg==}
    engines: {node: '>= 10'}
    cpu: [x64]
    os: [linux]

  '@tailwindcss/oxide-linux-x64-musl@4.1.7':
    resolution: {integrity: sha512-MHZ6jyNlutdHH8rd+YTdr3QbXrHXqwIhHw9e7yXEBcQdluGwhpQY2Eku8UZK6ReLaWtQ4gijIv5QoM5eE+qlsA==}
    engines: {node: '>= 10'}
    cpu: [x64]
    os: [linux]

  '@tailwindcss/oxide-wasm32-wasi@4.1.7':
    resolution: {integrity: sha512-ANaSKt74ZRzE2TvJmUcbFQ8zS201cIPxUDm5qez5rLEwWkie2SkGtA4P+GPTj+u8N6JbPrC8MtY8RmJA35Oo+A==}
    engines: {node: '>=14.0.0'}
    cpu: [wasm32]
    bundledDependencies:
      - '@napi-rs/wasm-runtime'
      - '@emnapi/core'
      - '@emnapi/runtime'
      - '@tybys/wasm-util'
      - '@emnapi/wasi-threads'
      - tslib

  '@tailwindcss/oxide-win32-arm64-msvc@4.1.7':
    resolution: {integrity: sha512-HUiSiXQ9gLJBAPCMVRk2RT1ZrBjto7WvqsPBwUrNK2BcdSxMnk19h4pjZjI7zgPhDxlAbJSumTC4ljeA9y0tEw==}
    engines: {node: '>= 10'}
    cpu: [arm64]
    os: [win32]

  '@tailwindcss/oxide-win32-x64-msvc@4.1.7':
    resolution: {integrity: sha512-rYHGmvoHiLJ8hWucSfSOEmdCBIGZIq7SpkPRSqLsH2Ab2YUNgKeAPT1Fi2cx3+hnYOrAb0jp9cRyode3bBW4mQ==}
    engines: {node: '>= 10'}
    cpu: [x64]
    os: [win32]

  '@tailwindcss/oxide@4.1.7':
    resolution: {integrity: sha512-5SF95Ctm9DFiUyjUPnDGkoKItPX/k+xifcQhcqX5RA85m50jw1pT/KzjdvlqxRja45Y52nR4MR9fD1JYd7f8NQ==}
    engines: {node: '>= 10'}

  '@tailwindcss/postcss@4.1.7':
    resolution: {integrity: sha512-88g3qmNZn7jDgrrcp3ZXEQfp9CVox7xjP1HN2TFKI03CltPVd/c61ydn5qJJL8FYunn0OqBaW5HNUga0kmPVvw==}

  '@types/react-dom@19.1.5':
    resolution: {integrity: sha512-CMCjrWucUBZvohgZxkjd6S9h0nZxXjzus6yDfUb+xLxYM7VvjKNH1tQrE9GWLql1XoOP4/Ds3bwFqShHUYraGg==}
    peerDependencies:
      '@types/react': ^19.0.0

  '@types/react@19.1.4':
    resolution: {integrity: sha512-EB1yiiYdvySuIITtD5lhW4yPyJ31RkJkkDw794LaQYrxCSaQV/47y5o1FMC4zF9ZyjUjzJMZwbovEnT5yHTW6g==}

  argparse@2.0.1:
    resolution: {integrity: sha512-8+9WqebbFzpX9OR+Wa6O29asIogeRMzcGtAINdpMHHyAg10f05aSFVBbcEqGf/PXw1EjAZ+q2/bEBg3DvurK3Q==}

  callsites@3.1.0:
    resolution: {integrity: sha512-P8BjAsXvZS+VIDUI11hHCQEv74YT67YUi5JJFNWIqL235sBmjX4+qx9Muvls5ivyNENctx46xQLQ3aTuE7ssaQ==}
    engines: {node: '>=6'}

  caniuse-lite@1.0.30001718:
    resolution: {integrity: sha512-AflseV1ahcSunK53NfEs9gFWgOEmzr0f+kaMFA4xiLZlr9Hzt7HxcSpIFcnNCUkz6R6dWKa54rUz3HUmI3nVcw==}

  chownr@3.0.0:
    resolution: {integrity: sha512-+IxzY9BZOQd/XuYPRmrvEVjF/nqj5kgT4kEq7VofrDoM1MxoRjEWkrCC3EtLi59TVawxTAn+orJwFQcrqEN1+g==}
    engines: {node: '>=18'}

  class-variance-authority@0.7.1:
    resolution: {integrity: sha512-Ka+9Trutv7G8M6WT6SeiRWz792K5qEqIGEGzXKhAE6xOWAY6pPH8U+9IY3oCMv6kqTmLsv7Xh/2w2RigkePMsg==}

  clsx@2.1.1:
    resolution: {integrity: sha512-eYm0QWBtUrBWZWG0d386OGAw16Z995PiOVo2B7bjWSbHedGl5e0ZWaq65kOGgUSNesEIDkB9ISbTg/JK9dhCZA==}
    engines: {node: '>=6'}

  core-js@3.42.0:
    resolution: {integrity: sha512-Sz4PP4ZA+Rq4II21qkNqOEDTDrCvcANId3xpIgB34NDkWc3UduWj2dqEtN9yZIq8Dk3HyPI33x9sqqU5C8sr0g==}

  cosmiconfig@9.0.0:
    resolution: {integrity: sha512-itvL5h8RETACmOTFc4UfIyB2RfEHi71Ax6E/PivVxq9NseKbOWpeyHEOIbmAw1rs8Ak0VursQNww7lf7YtUwzg==}
    engines: {node: '>=14'}
    peerDependencies:
      typescript: '>=4.9.5'
    peerDependenciesMeta:
      typescript:
        optional: true

  csstype@3.1.3:
    resolution: {integrity: sha512-M1uQkMl8rQK/szD0LNhtqxIPLpimGm8sOBwU7lLnCpSbTyY3yeU1Vc7l4KT5zT4s/yOxHH5O7tIuuLOCnLADRw==}

  detect-libc@2.0.4:
    resolution: {integrity: sha512-3UDv+G9CsCKO1WKMGw9fwq/SWJYbI0c5Y7LU1AXYoDdbhE2AHQ6N6Nb34sG8Fj7T5APy8qXDCKuuIHd1BR0tVA==}
    engines: {node: '>=8'}

  enhanced-resolve@5.18.1:
    resolution: {integrity: sha512-ZSW3ma5GkcQBIpwZTSRAI8N71Uuwgs93IezB7mf7R60tC8ZbJideoDNKjHn2O9KIlx6rkGTTEk1xUCK2E1Y2Yg==}
    engines: {node: '>=10.13.0'}

  env-paths@2.2.1:
    resolution: {integrity: sha512-+h1lkLKhZMTYjog1VEpJNG7NZJWcuc2DDk/qsqSTRRCOXiLjeQ1d1/udrUGhqMxUgAlwKNZ0cf2uqan5GLuS2A==}
    engines: {node: '>=6'}

  error-ex@1.3.2:
    resolution: {integrity: sha512-7dFHNmqeFSEt2ZBsCriorKnn3Z2pj+fd9kmI6QoWw4//DL+icEBfc0U7qJCisqrTsKTjw4fNFy2pW9OqStD84g==}

  error-stack-parser@2.1.4:
    resolution: {integrity: sha512-Sk5V6wVazPhq5MhpO+AUxJn5x7XSXGl1R93Vn7i+zS15KDVxQijejNCrz8340/2bgLBjR9GtEG8ZVKONDjcqGQ==}

  graceful-fs@4.2.11:
    resolution: {integrity: sha512-RbJ5/jmFcNNCcDV5o9eTnBLJ/HszWV0P73bc+Ff4nS/rJj+YaS6IGyiOL0VoBYX+l1Wrl3k63h/KrH+nhJ0XvQ==}

  html-entities@2.6.0:
    resolution: {integrity: sha512-kig+rMn/QOVRvr7c86gQ8lWXq+Hkv6CbAH1hLu+RG338StTpE8Z0b44SDVaqVu7HGKf27frdmUYEs9hTUX/cLQ==}

  import-fresh@3.3.1:
    resolution: {integrity: sha512-TR3KfrTZTYLPB6jUjfx6MF9WcWrHL9su5TObK4ZkYgBdWKPOFoSoQIdEuTuR82pmtxH2spWG9h6etwfr1pLBqQ==}
    engines: {node: '>=6'}

  is-arrayish@0.2.1:
    resolution: {integrity: sha512-zz06S8t0ozoDXMG+ube26zeCTNXcKIPJZJi8hBrF4idCLms4CG9QtK7qBl1boi5ODzFpjswb5JPmHCbMpjaYzg==}

  jiti@1.21.7:
    resolution: {integrity: sha512-/imKNG4EbWNrVjoNC/1H5/9GFy+tqjGBHCaSsN+P2RnPqjsLmv6UD3Ej+Kj8nBWaRAwyk7kK5ZUc+OEatnTR3A==}
    hasBin: true

  jiti@2.4.2:
    resolution: {integrity: sha512-rg9zJN+G4n2nfJl5MW3BMygZX56zKPNVEYYqq7adpmMh4Jn2QNEwhvQlFy6jPVdcod7txZtKHWnyZiA3a0zP7A==}
    hasBin: true

  js-tokens@4.0.0:
    resolution: {integrity: sha512-RdJUflcE3cUzKiMqQgsCu06FPu9UdIJO0beYbPhHN4k6apgJtifcoCtT9bcxOpYBtpD2kCM6Sbzg4CausW/PKQ==}

  js-yaml@4.1.0:
    resolution: {integrity: sha512-wpxZs9NoxZaJESJGIZTyDEaYpl0FKSA+FB9aJiyemKhMwkxQg63h4T1KJgUGHpTqPDNRcmmYLugrRjJlBtWvRA==}
    hasBin: true

  json-parse-even-better-errors@2.3.1:
    resolution: {integrity: sha512-xyFwyhro/JEof6Ghe2iz2NcXoj2sloNsWr/XsERDK/oiPCfaNhl5ONfp+jQdAZRQQ0IJWNzH9zIZF7li91kh2w==}

  lightningcss-darwin-arm64@1.30.1:
    resolution: {integrity: sha512-c8JK7hyE65X1MHMN+Viq9n11RRC7hgin3HhYKhrMyaXflk5GVplZ60IxyoVtzILeKr+xAJwg6zK6sjTBJ0FKYQ==}
    engines: {node: '>= 12.0.0'}
    cpu: [arm64]
    os: [darwin]

  lightningcss-darwin-x64@1.30.1:
    resolution: {integrity: sha512-k1EvjakfumAQoTfcXUcHQZhSpLlkAuEkdMBsI/ivWw9hL+7FtilQc0Cy3hrx0AAQrVtQAbMI7YjCgYgvn37PzA==}
    engines: {node: '>= 12.0.0'}
    cpu: [x64]
    os: [darwin]

  lightningcss-freebsd-x64@1.30.1:
    resolution: {integrity: sha512-kmW6UGCGg2PcyUE59K5r0kWfKPAVy4SltVeut+umLCFoJ53RdCUWxcRDzO1eTaxf/7Q2H7LTquFHPL5R+Gjyig==}
    engines: {node: '>= 12.0.0'}
    cpu: [x64]
    os: [freebsd]

  lightningcss-linux-arm-gnueabihf@1.30.1:
    resolution: {integrity: sha512-MjxUShl1v8pit+6D/zSPq9S9dQ2NPFSQwGvxBCYaBYLPlCWuPh9/t1MRS8iUaR8i+a6w7aps+B4N0S1TYP/R+Q==}
    engines: {node: '>= 12.0.0'}
    cpu: [arm]
    os: [linux]

  lightningcss-linux-arm64-gnu@1.30.1:
    resolution: {integrity: sha512-gB72maP8rmrKsnKYy8XUuXi/4OctJiuQjcuqWNlJQ6jZiWqtPvqFziskH3hnajfvKB27ynbVCucKSm2rkQp4Bw==}
    engines: {node: '>= 12.0.0'}
    cpu: [arm64]
    os: [linux]

  lightningcss-linux-arm64-musl@1.30.1:
    resolution: {integrity: sha512-jmUQVx4331m6LIX+0wUhBbmMX7TCfjF5FoOH6SD1CttzuYlGNVpA7QnrmLxrsub43ClTINfGSYyHe2HWeLl5CQ==}
    engines: {node: '>= 12.0.0'}
    cpu: [arm64]
    os: [linux]

  lightningcss-linux-x64-gnu@1.30.1:
    resolution: {integrity: sha512-piWx3z4wN8J8z3+O5kO74+yr6ze/dKmPnI7vLqfSqI8bccaTGY5xiSGVIJBDd5K5BHlvVLpUB3S2YCfelyJ1bw==}
    engines: {node: '>= 12.0.0'}
    cpu: [x64]
    os: [linux]

  lightningcss-linux-x64-musl@1.30.1:
    resolution: {integrity: sha512-rRomAK7eIkL+tHY0YPxbc5Dra2gXlI63HL+v1Pdi1a3sC+tJTcFrHX+E86sulgAXeI7rSzDYhPSeHHjqFhqfeQ==}
    engines: {node: '>= 12.0.0'}
    cpu: [x64]
    os: [linux]

  lightningcss-win32-arm64-msvc@1.30.1:
    resolution: {integrity: sha512-mSL4rqPi4iXq5YVqzSsJgMVFENoa4nGTT/GjO2c0Yl9OuQfPsIfncvLrEW6RbbB24WtZ3xP/2CCmI3tNkNV4oA==}
    engines: {node: '>= 12.0.0'}
    cpu: [arm64]
    os: [win32]

  lightningcss-win32-x64-msvc@1.30.1:
    resolution: {integrity: sha512-PVqXh48wh4T53F/1CCu8PIPCxLzWyCnn/9T5W1Jpmdy5h9Cwd+0YQS6/LwhHXSafuc61/xg9Lv5OrCby6a++jg==}
    engines: {node: '>= 12.0.0'}
    cpu: [x64]
    os: [win32]

  lightningcss@1.30.1:
    resolution: {integrity: sha512-xi6IyHML+c9+Q3W0S4fCQJOym42pyurFiJUHEcEyHS0CeKzia4yZDEsLlqOFykxOdHpNy0NmvVO31vcSqAxJCg==}
    engines: {node: '>= 12.0.0'}

  lines-and-columns@1.2.4:
    resolution: {integrity: sha512-7ylylesZQ/PV29jhEDl3Ufjo6ZX7gCqJr5F7PKrqc93v7fzSymt1BpwEU8nAUXs8qzzvqhbjhK5QZg6Mt/HkBg==}

  lucide-react@0.511.0:
    resolution: {integrity: sha512-VK5a2ydJ7xm8GvBeKLS9mu1pVK6ucef9780JVUjw6bAjJL/QXnd4Y0p7SPeOUMC27YhzNCZvm5d/QX0Tp3rc0w==}
    peerDependencies:
      react: ^16.5.1 || ^17.0.0 || ^18.0.0 || ^19.0.0

  magic-string@0.30.17:
    resolution: {integrity: sha512-sNPKHvyjVf7gyjwS4xGTaW/mCnF8wnjtifKBEhxfZ7E/S8tQ0rssrwGNn6q8JH/ohItJfSQp9mBtQYuTlH5QnA==}

  minipass@7.1.2:
    resolution: {integrity: sha512-qOOzS1cBTWYF4BH8fVePDBOO9iptMnGUEZwNc/cMWnTV2nVLZ7VoNWEPHkYczZA0pdoA7dl6e7FL659nX9S2aw==}
    engines: {node: '>=16 || 14 >=14.17'}

  minizlib@3.0.2:
    resolution: {integrity: sha512-oG62iEk+CYt5Xj2YqI5Xi9xWUeZhDI8jjQmC5oThVH5JGCTgIjr7ciJDzC7MBzYd//WvR1OTmP5Q38Q8ShQtVA==}
    engines: {node: '>= 18'}

  mkdirp@3.0.1:
    resolution: {integrity: sha512-+NsyUUAZDmo6YVHzL/stxSu3t9YS1iljliy3BSDrXJ/dkn1KYdmtZODGGjLcc9XLgVVpH4KshHB8XmZgMhaBXg==}
    engines: {node: '>=10'}
    hasBin: true

  nanoid@3.3.11:
    resolution: {integrity: sha512-N8SpfPUnUp1bK+PMYW8qSWdl9U+wwNWI4QKxOYDy9JAro3WMX7p2OeVRF9v+347pnakNevPmiHhNmZ2HbFA76w==}
    engines: {node: ^10 || ^12 || ^13.7 || ^14 || >=15.0.1}
    hasBin: true

  parent-module@1.0.1:
    resolution: {integrity: sha512-GQ2EWRpQV8/o+Aw8YqtfZZPfNRWZYkbidE9k5rpl/hC3vtHHBfGm2Ifi6qWV+coDGkrUKZAxE3Lot5kcsRlh+g==}
    engines: {node: '>=6'}

  parse-json@5.2.0:
    resolution: {integrity: sha512-ayCKvm/phCGxOkYRSCM82iDwct8/EonSEgCSxWxD7ve6jHggsFl4fZVQBPRNgQoKiuV/odhFrGzQXZwbifC8Rg==}
    engines: {node: '>=8'}

  picocolors@1.1.1:
    resolution: {integrity: sha512-xceH2snhtb5M9liqDsmEw56le376mTZkEX/jEb/RxNFyegNul7eNslCXP9FDj/Lcu0X8KEyMceP2ntpaHrDEVA==}

  postcss-loader@8.1.1:
    resolution: {integrity: sha512-0IeqyAsG6tYiDRCYKQJLAmgQr47DX6N7sFSWvQxt6AcupX8DIdmykuk/o/tx0Lze3ErGHJEp5OSRxrelC6+NdQ==}
    engines: {node: '>= 18.12.0'}
    peerDependencies:
      '@rspack/core': 0.x || 1.x
      postcss: ^7.0.0 || ^8.0.1
      webpack: ^5.0.0
    peerDependenciesMeta:
      '@rspack/core':
        optional: true
      webpack:
        optional: true

  postcss@8.5.3:
    resolution: {integrity: sha512-dle9A3yYxlBSrt8Fu+IpjGT8SY8hN0mlaA6GY8t0P5PjIOZemULz/E2Bnm/2dcUOena75OTNkHI76uZBNUUq3A==}
    engines: {node: ^10 || ^12 || >=14}

  react-dom@19.1.0:
    resolution: {integrity: sha512-Xs1hdnE+DyKgeHJeJznQmYMIBG3TKIHJJT95Q58nHLSrElKlGQqDTR2HQ9fx5CN/Gk6Vh/kupBTDLU11/nDk/g==}
    peerDependencies:
      react: ^19.1.0

  react-refresh@0.17.0:
    resolution: {integrity: sha512-z6F7K9bV85EfseRCp2bzrpyQ0Gkw1uLoCel9XBVWPg/TjRj94SkJzUTGfOa4bs7iJvBWtQG0Wq7wnI0syw3EBQ==}
    engines: {node: '>=0.10.0'}

  react@19.1.0:
    resolution: {integrity: sha512-FS+XFBNvn3GTAWq26joslQgWNoFu08F4kl0J4CgdNKADkdSGXQyTCnKteIAJy96Br6YbpEU1LSzV5dYtjMkMDg==}
    engines: {node: '>=0.10.0'}

  resolve-from@4.0.0:
    resolution: {integrity: sha512-pb/MYmXstAkysRFx8piNI1tGFNQIFA3vkE3Gq4EuA1dF6gHp/+vgZqsCGJapvy8N3Q+4o7FwvquPJcnZ7RYy4g==}
    engines: {node: '>=4'}

  scheduler@0.26.0:
    resolution: {integrity: sha512-NlHwttCI/l5gCPR3D1nNXtWABUmBwvZpEQiD4IXSbIDq8BzLIK/7Ir5gTFSGZDUu37K5cMNp0hFtzO38sC7gWA==}

  semver@7.7.2:
    resolution: {integrity: sha512-RF0Fw+rO5AMf9MAyaRXI4AV0Ulj5lMHqVxxdSgiVbixSCXoEmmX/jk0CuJw4+3SqroYO9VoUh+HcuJivvtJemA==}
    engines: {node: '>=10'}
    hasBin: true

  source-map-js@1.2.1:
    resolution: {integrity: sha512-UXWMKhLOwVKb728IUtQPXxfYU+usdybtUrK/8uGE8CQMvrhOpwvzDBwj0QhSL7MQc7vIsISBG8VQ8+IDQxpfQA==}
    engines: {node: '>=0.10.0'}

  stackframe@1.3.4:
    resolution: {integrity: sha512-oeVtt7eWQS+Na6F//S4kJ2K2VbRlS9D43mAlMyVpVWovy9o+jfgH8O9agzANzaiLjclA0oYzUXEM4PurhSUChw==}

  tailwind-merge@3.3.0:
    resolution: {integrity: sha512-fyW/pEfcQSiigd5SNn0nApUOxx0zB/dm6UDU/rEwc2c3sX2smWUNbapHv+QRqLGVp9GWX3THIa7MUGPo+YkDzQ==}

  tailwindcss@4.1.7:
    resolution: {integrity: sha512-kr1o/ErIdNhTz8uzAYL7TpaUuzKIE6QPQ4qmSdxnoX/lo+5wmUHQA6h3L5yIqEImSRnAAURDirLu/BgiXGPAhg==}

  tapable@2.2.2:
    resolution: {integrity: sha512-Re10+NauLTMCudc7T5WLFLAwDhQ0JWdrMK+9B2M8zR5hRExKmsRDCBA7/aV/pNJFltmBFO5BAMlQFi/vq3nKOg==}
    engines: {node: '>=6'}

  tar@7.4.3:
    resolution: {integrity: sha512-5S7Va8hKfV7W5U6g3aYxXmlPoZVAwUMy9AOKyF2fVuZa2UD3qZjg578OrLRt8PcNN1PleVaL/5/yYATNL0ICUw==}
    engines: {node: '>=18'}

  tslib@2.8.1:
    resolution: {integrity: sha512-oJFu94HQb+KVduSUQL7wnpmqnfmLsOA/nAh6b6EH0wCEoK0/mPeXU6c3wKDV83MkOuHPRHtSXKKU99IBazS/2w==}

  tw-animate-css@1.3.0:
    resolution: {integrity: sha512-jrJ0XenzS9KVuDThJDvnhalbl4IYiMQ/XvpA0a2FL8KmlK+6CSMviO7ROY/I7z1NnUs5NnDhlM6fXmF40xPxzw==}

  typescript@5.8.3:
    resolution: {integrity: sha512-p1diW6TqL9L07nNxvRMM7hMMw4c5XOo/1ibL4aAIGmSAt9slTE1Xgw5KWuof2uTOvCg9BY7ZRi+GaF+7sfgPeQ==}
    engines: {node: '>=14.17'}
    hasBin: true

  yallist@5.0.0:
    resolution: {integrity: sha512-YgvUTfwqyc7UXVMrB+SImsVYSmTS8X/tSrtdNZMImM+n7+QTriRXyXim0mBrTXNeqzVF0KWGgHPeiyViFFrNDw==}
    engines: {node: '>=18'}

snapshots:

  '@alloc/quick-lru@5.2.0': {}

  '@ampproject/remapping@2.3.0':
    dependencies:
      '@jridgewell/gen-mapping': 0.3.8
      '@jridgewell/trace-mapping': 0.3.25

  '@babel/code-frame@7.27.1':
    dependencies:
      '@babel/helper-validator-identifier': 7.27.1
      js-tokens: 4.0.0
      picocolors: 1.1.1

  '@babel/helper-validator-identifier@7.27.1': {}

  '@isaacs/fs-minipass@4.0.1':
    dependencies:
      minipass: 7.1.2

  '@jridgewell/gen-mapping@0.3.8':
    dependencies:
      '@jridgewell/set-array': 1.2.1
      '@jridgewell/sourcemap-codec': 1.5.0
      '@jridgewell/trace-mapping': 0.3.25

  '@jridgewell/resolve-uri@3.1.2': {}

  '@jridgewell/set-array@1.2.1': {}

  '@jridgewell/sourcemap-codec@1.5.0': {}

  '@jridgewell/trace-mapping@0.3.25':
    dependencies:
      '@jridgewell/resolve-uri': 3.1.2
      '@jridgewell/sourcemap-codec': 1.5.0

  '@module-federation/error-codes@0.13.1': {}

  '@module-federation/runtime-core@0.13.1':
    dependencies:
      '@module-federation/error-codes': 0.13.1
      '@module-federation/sdk': 0.13.1

  '@module-federation/runtime-tools@0.13.1':
    dependencies:
      '@module-federation/runtime': 0.13.1
      '@module-federation/webpack-bundler-runtime': 0.13.1

  '@module-federation/runtime@0.13.1':
    dependencies:
      '@module-federation/error-codes': 0.13.1
      '@module-federation/runtime-core': 0.13.1
      '@module-federation/sdk': 0.13.1

  '@module-federation/sdk@0.13.1': {}

  '@module-federation/webpack-bundler-runtime@0.13.1':
    dependencies:
      '@module-federation/runtime': 0.13.1
      '@module-federation/sdk': 0.13.1

  '@radix-ui/react-compose-refs@1.1.2(@types/react@19.1.4)(react@19.1.0)':
    dependencies:
      react: 19.1.0
    optionalDependencies:
      '@types/react': 19.1.4

  '@radix-ui/react-slot@1.2.2(@types/react@19.1.4)(react@19.1.0)':
    dependencies:
      '@radix-ui/react-compose-refs': 1.1.2(@types/react@19.1.4)(react@19.1.0)
      react: 19.1.0
    optionalDependencies:
      '@types/react': 19.1.4

  '@rsbuild/core@1.3.20':
    dependencies:
      '@rspack/core': 1.3.10(@swc/helpers@0.5.17)
      '@rspack/lite-tapable': 1.0.1
      '@swc/helpers': 0.5.17
      core-js: 3.42.0
      jiti: 2.4.2

  '@rsbuild/plugin-react@1.3.1(@rsbuild/core@1.3.20)':
    dependencies:
      '@rsbuild/core': 1.3.20
      '@rspack/plugin-react-refresh': 1.4.3(react-refresh@0.17.0)
      react-refresh: 0.17.0
    transitivePeerDependencies:
      - webpack-hot-middleware

  '@rspack/binding-darwin-arm64@1.3.10':
    optional: true

  '@rspack/binding-darwin-x64@1.3.10':
    optional: true

  '@rspack/binding-linux-arm64-gnu@1.3.10':
    optional: true

  '@rspack/binding-linux-arm64-musl@1.3.10':
    optional: true

  '@rspack/binding-linux-x64-gnu@1.3.10':
    optional: true

  '@rspack/binding-linux-x64-musl@1.3.10':
    optional: true

  '@rspack/binding-win32-arm64-msvc@1.3.10':
    optional: true

  '@rspack/binding-win32-ia32-msvc@1.3.10':
    optional: true

  '@rspack/binding-win32-x64-msvc@1.3.10':
    optional: true

  '@rspack/binding@1.3.10':
    optionalDependencies:
      '@rspack/binding-darwin-arm64': 1.3.10
      '@rspack/binding-darwin-x64': 1.3.10
      '@rspack/binding-linux-arm64-gnu': 1.3.10
      '@rspack/binding-linux-arm64-musl': 1.3.10
      '@rspack/binding-linux-x64-gnu': 1.3.10
      '@rspack/binding-linux-x64-musl': 1.3.10
      '@rspack/binding-win32-arm64-msvc': 1.3.10
      '@rspack/binding-win32-ia32-msvc': 1.3.10
      '@rspack/binding-win32-x64-msvc': 1.3.10

  '@rspack/core@1.3.10(@swc/helpers@0.5.17)':
    dependencies:
      '@module-federation/runtime-tools': 0.13.1
      '@rspack/binding': 1.3.10
      '@rspack/lite-tapable': 1.0.1
      caniuse-lite: 1.0.30001718
    optionalDependencies:
      '@swc/helpers': 0.5.17

  '@rspack/lite-tapable@1.0.1': {}

  '@rspack/plugin-react-refresh@1.4.3(react-refresh@0.17.0)':
    dependencies:
      error-stack-parser: 2.1.4
      html-entities: 2.6.0
      react-refresh: 0.17.0

  '@swc/helpers@0.5.17':
    dependencies:
      tslib: 2.8.1

  '@tailwindcss/node@4.1.7':
    dependencies:
      '@ampproject/remapping': 2.3.0
      enhanced-resolve: 5.18.1
      jiti: 2.4.2
      lightningcss: 1.30.1
      magic-string: 0.30.17
      source-map-js: 1.2.1
      tailwindcss: 4.1.7

  '@tailwindcss/oxide-android-arm64@4.1.7':
    optional: true

  '@tailwindcss/oxide-darwin-arm64@4.1.7':
    optional: true

  '@tailwindcss/oxide-darwin-x64@4.1.7':
    optional: true

  '@tailwindcss/oxide-freebsd-x64@4.1.7':
    optional: true

  '@tailwindcss/oxide-linux-arm-gnueabihf@4.1.7':
    optional: true

  '@tailwindcss/oxide-linux-arm64-gnu@4.1.7':
    optional: true

  '@tailwindcss/oxide-linux-arm64-musl@4.1.7':
    optional: true

  '@tailwindcss/oxide-linux-x64-gnu@4.1.7':
    optional: true

  '@tailwindcss/oxide-linux-x64-musl@4.1.7':
    optional: true

  '@tailwindcss/oxide-wasm32-wasi@4.1.7':
    optional: true

  '@tailwindcss/oxide-win32-arm64-msvc@4.1.7':
    optional: true

  '@tailwindcss/oxide-win32-x64-msvc@4.1.7':
    optional: true

  '@tailwindcss/oxide@4.1.7':
    dependencies:
      detect-libc: 2.0.4
      tar: 7.4.3
    optionalDependencies:
      '@tailwindcss/oxide-android-arm64': 4.1.7
      '@tailwindcss/oxide-darwin-arm64': 4.1.7
      '@tailwindcss/oxide-darwin-x64': 4.1.7
      '@tailwindcss/oxide-freebsd-x64': 4.1.7
      '@tailwindcss/oxide-linux-arm-gnueabihf': 4.1.7
      '@tailwindcss/oxide-linux-arm64-gnu': 4.1.7
      '@tailwindcss/oxide-linux-arm64-musl': 4.1.7
      '@tailwindcss/oxide-linux-x64-gnu': 4.1.7
      '@tailwindcss/oxide-linux-x64-musl': 4.1.7
      '@tailwindcss/oxide-wasm32-wasi': 4.1.7
      '@tailwindcss/oxide-win32-arm64-msvc': 4.1.7
      '@tailwindcss/oxide-win32-x64-msvc': 4.1.7

  '@tailwindcss/postcss@4.1.7':
    dependencies:
      '@alloc/quick-lru': 5.2.0
      '@tailwindcss/node': 4.1.7
      '@tailwindcss/oxide': 4.1.7
      postcss: 8.5.3
      tailwindcss: 4.1.7

  '@types/react-dom@19.1.5(@types/react@19.1.4)':
    dependencies:
      '@types/react': 19.1.4

  '@types/react@19.1.4':
    dependencies:
      csstype: 3.1.3

  argparse@2.0.1: {}

  callsites@3.1.0: {}

  caniuse-lite@1.0.30001718: {}

  chownr@3.0.0: {}

  class-variance-authority@0.7.1:
    dependencies:
      clsx: 2.1.1

  clsx@2.1.1: {}

  core-js@3.42.0: {}

  cosmiconfig@9.0.0(typescript@5.8.3):
    dependencies:
      env-paths: 2.2.1
      import-fresh: 3.3.1
      js-yaml: 4.1.0
      parse-json: 5.2.0
    optionalDependencies:
      typescript: 5.8.3

  csstype@3.1.3: {}

  detect-libc@2.0.4: {}

  enhanced-resolve@5.18.1:
    dependencies:
      graceful-fs: 4.2.11
      tapable: 2.2.2

  env-paths@2.2.1: {}

  error-ex@1.3.2:
    dependencies:
      is-arrayish: 0.2.1

  error-stack-parser@2.1.4:
    dependencies:
      stackframe: 1.3.4

  graceful-fs@4.2.11: {}

  html-entities@2.6.0: {}

  import-fresh@3.3.1:
    dependencies:
      parent-module: 1.0.1
      resolve-from: 4.0.0

  is-arrayish@0.2.1: {}

  jiti@1.21.7: {}

  jiti@2.4.2: {}

  js-tokens@4.0.0: {}

  js-yaml@4.1.0:
    dependencies:
      argparse: 2.0.1

  json-parse-even-better-errors@2.3.1: {}

  lightningcss-darwin-arm64@1.30.1:
    optional: true

  lightningcss-darwin-x64@1.30.1:
    optional: true

  lightningcss-freebsd-x64@1.30.1:
    optional: true

  lightningcss-linux-arm-gnueabihf@1.30.1:
    optional: true

  lightningcss-linux-arm64-gnu@1.30.1:
    optional: true

  lightningcss-linux-arm64-musl@1.30.1:
    optional: true

  lightningcss-linux-x64-gnu@1.30.1:
    optional: true

  lightningcss-linux-x64-musl@1.30.1:
    optional: true

  lightningcss-win32-arm64-msvc@1.30.1:
    optional: true

  lightningcss-win32-x64-msvc@1.30.1:
    optional: true

  lightningcss@1.30.1:
    dependencies:
      detect-libc: 2.0.4
    optionalDependencies:
      lightningcss-darwin-arm64: 1.30.1
      lightningcss-darwin-x64: 1.30.1
      lightningcss-freebsd-x64: 1.30.1
      lightningcss-linux-arm-gnueabihf: 1.30.1
      lightningcss-linux-arm64-gnu: 1.30.1
      lightningcss-linux-arm64-musl: 1.30.1
      lightningcss-linux-x64-gnu: 1.30.1
      lightningcss-linux-x64-musl: 1.30.1
      lightningcss-win32-arm64-msvc: 1.30.1
      lightningcss-win32-x64-msvc: 1.30.1

  lines-and-columns@1.2.4: {}

  lucide-react@0.511.0(react@19.1.0):
    dependencies:
      react: 19.1.0

  magic-string@0.30.17:
    dependencies:
      '@jridgewell/sourcemap-codec': 1.5.0

  minipass@7.1.2: {}

  minizlib@3.0.2:
    dependencies:
      minipass: 7.1.2

  mkdirp@3.0.1: {}

  nanoid@3.3.11: {}

  parent-module@1.0.1:
    dependencies:
      callsites: 3.1.0

  parse-json@5.2.0:
    dependencies:
      '@babel/code-frame': 7.27.1
      error-ex: 1.3.2
      json-parse-even-better-errors: 2.3.1
      lines-and-columns: 1.2.4

  picocolors@1.1.1: {}

  postcss-loader@8.1.1(@rspack/core@1.3.10(@swc/helpers@0.5.17))(postcss@8.5.3)(typescript@5.8.3):
    dependencies:
      cosmiconfig: 9.0.0(typescript@5.8.3)
      jiti: 1.21.7
      postcss: 8.5.3
      semver: 7.7.2
    optionalDependencies:
      '@rspack/core': 1.3.10(@swc/helpers@0.5.17)
    transitivePeerDependencies:
      - typescript

  postcss@8.5.3:
    dependencies:
      nanoid: 3.3.11
      picocolors: 1.1.1
      source-map-js: 1.2.1

  react-dom@19.1.0(react@19.1.0):
    dependencies:
      react: 19.1.0
      scheduler: 0.26.0

  react-refresh@0.17.0: {}

  react@19.1.0: {}

  resolve-from@4.0.0: {}

  scheduler@0.26.0: {}

  semver@7.7.2: {}

  source-map-js@1.2.1: {}

  stackframe@1.3.4: {}

  tailwind-merge@3.3.0: {}

  tailwindcss@4.1.7: {}

  tapable@2.2.2: {}

  tar@7.4.3:
    dependencies:
      '@isaacs/fs-minipass': 4.0.1
      chownr: 3.0.0
      minipass: 7.1.2
      minizlib: 3.0.2
      mkdirp: 3.0.1
      yallist: 5.0.0

  tslib@2.8.1: {}

  tw-animate-css@1.3.0: {}

  typescript@5.8.3: {}

  yallist@5.0.0: {}
